
Microsoft Visual Studio Solution File, Format Version 12.00
# Visual Studio 2013
VisualStudioVersion = 12.0.31101.0
MinimumVisualStudioVersion = 10.0.40219.1
Project("{FAE04EC0-301F-11D3-BF4B-00C04F79EFBC}") = "EnterpriseDistributedApplication", "EnterpriseDistributedApplication\EnterpriseDistributedApplication.csproj", "{E64BBBB5-5D95-454B-A87D-DA71294AE4A9}"
EndProject
Project("{FAE04EC0-301F-11D3-BF4B-00C04F79EFBC}") = "Store", "Store\Store.csproj", "{A64C95F9-FF8B-490B-B420-AB089DA00B62}"
	ProjectSection(ProjectDependencies) = postProject
		{E64BBBB5-5D95-454B-A87D-DA71294AE4A9} = {E64BBBB5-5D95-454B-A87D-DA71294AE4A9}
	EndProjectSection
EndProject
Project("{FAE04EC0-301F-11D3-BF4B-00C04F79EFBC}") = "Warehouse", "Warehouse\Warehouse.csproj", "{93187943-6CDB-4225-80CC-8D8E1DF28A63}"
EndProject
Global
	GlobalSection(SolutionConfigurationPlatforms) = preSolution
		Debug|Any CPU = Debug|Any CPU
		Release|Any CPU = Release|Any CPU
	EndGlobalSection
	GlobalSection(ProjectConfigurationPlatforms) = postSolution
		{E64BBBB5-5D95-454B-A87D-DA71294AE4A9}.Debug|Any CPU.ActiveCfg = Debug|Any CPU
		{E64BBBB5-5D95-454B-A87D-DA71294AE4A9}.Debug|Any CPU.Build.0 = Debug|Any CPU
		{E64BBBB5-5D95-454B-A87D-DA71294AE4A9}.Release|Any CPU.ActiveCfg = Release|Any CPU
		{E64BBBB5-5D95-454B-A87D-DA71294AE4A9}.Release|Any CPU.Build.0 = Release|Any CPU
		{A64C95F9-FF8B-490B-B420-AB089DA00B62}.Debug|Any CPU.ActiveCfg = Debug|Any CPU
		{A64C95F9-FF8B-490B-B420-AB089DA00B62}.Debug|Any CPU.Build.0 = Debug|Any CPU
		{A64C95F9-FF8B-490B-B420-AB089DA00B62}.Release|Any CPU.ActiveCfg = Release|Any CPU
		{A64C95F9-FF8B-490B-B420-AB089DA00B62}.Release|Any CPU.Build.0 = Release|Any CPU
		{93187943-6CDB-4225-80CC-8D8E1DF28A63}.Debug|Any CPU.ActiveCfg = Debug|Any CPU
		{93187943-6CDB-4225-80CC-8D8E1DF28A63}.Debug|Any CPU.Build.0 = Debug|Any CPU
		{93187943-6CDB-4225-80CC-8D8E1DF28A63}.Release|Any CPU.ActiveCfg = Release|Any CPU
		{93187943-6CDB-4225-80CC-8D8E1DF28A63}.Release|Any CPU.Build.0 = Release|Any CPU
	EndGlobalSection
	GlobalSection(SolutionProperties) = preSolution
		HideSolutionNode = FALSE
	EndGlobalSection
EndGlobal
